
Microsoft Visual Studio Solution File, Format Version 12.00
# Visual Studio Version 17
VisualStudioVersion = 17.14.37216.2 d17.14
MinimumVisualStudioVersion = 10.0.40219.1
Project("{8BC9CEB8-8B4A-11D0-8D11-00A0C91BC942}") = "стек на динамичесском массиве", "стек на динамичесском массиве\стек на динамичесском массиве.vcxproj", "{E2380151-E57E-41E5-B491-A75692D063A9}"
EndProject
Global
	GlobalSection(SolutionConfigurationPlatforms) = preSolution
		Debug|x64 = Debug|x64
		Debug|x86 = Debug|x86
		Release|x64 = Release|x64
		Release|x86 = Release|x86
	EndGlobalSection
	GlobalSection(ProjectConfigurationPlatforms) = postSolution
		{E2380151-E57E-41E5-B491-A75692D063A9}.Debug|x64.ActiveCfg = Debug|x64
		{E2380151-E57E-41E5-B491-A75692D063A9}.Debug|x64.Build.0 = Debug|x64
		{E2380151-E57E-41E5-B491-A75692D063A9}.Debug|x86.ActiveCfg = Debug|Win32
		{E2380151-E57E-41E5-B491-A75692D063A9}.Debug|x86.Build.0 = Debug|Win32
		{E2380151-E57E-41E5-B491-A75692D063A9}.Release|x64.ActiveCfg = Release|x64
		{E2380151-E57E-41E5-B491-A75692D063A9}.Release|x64.Build.0 = Release|x64
		{E2380151-E57E-41E5-B491-A75692D063A9}.Release|x86.ActiveCfg = Release|Win32
		{E2380151-E57E-41E5-B491-A75692D063A9}.Release|x86.Build.0 = Release|Win32
	EndGlobalSection
	GlobalSection(SolutionProperties) = preSolution
		HideSolutionNode = FALSE
	EndGlobalSection
	GlobalSection(ExtensibilityGlobals) = postSolution
		SolutionGuid = {8528B6A1-CE3D-4092-A5F2-2C36BA4F5228}
	EndGlobalSection
EndGlobal
